<?xml version="1.0" encoding="utf-8"?>
<Project ToolsVersion="4.0" xmlns="http://schemas.microsoft.com/developer/msbuild/2003">
  <ItemGroup>
    <Filter Include="Source Files">
      <UniqueIdentifier>{4FC737F1-C7A5-4376-A066-2A32D752A2FF}</UniqueIdentifier>
      <Extensions>cpp;c;cc;cxx;c++;cppm;ixx;def;odl;idl;hpj;bat;asm;asmx</Extensions>
    </Filter>
    <Filter Include="Header Files">
      <UniqueIdentifier>{93995380-89BD-4b04-88EB-625FBE52EBFB}</UniqueIdentifier>
      <Extensions>h;hh;hpp;hxx;h++;hm;inl;inc;ipp;xsd</Extensions>
    </Filter>
    <Filter Include="Resource Files">
      <UniqueIdentifier>{67DA6AB6-F800-4c08-8B7A-83BB121AAD01}</UniqueIdentifier>
      <Extensions>rc;ico;cur;bmp;dlg;rc2;rct;bin;rgs;gif;jpg;jpeg;jpe;resx;tiff;tif;png;wav;mfcribbon-ms</Extensions>
    </Filter>
  </ItemGroup>
  <ItemGroup>
    <ClCompile Include="..\scene.cpp">
      <Filter>Source Files</Filter>
    </ClCompile>
    <ClCompile Include="..\renderer.cpp">
      <Filter>Source Files</Filter>
    </ClCompile>
    <ClCompile Include="..\observer.cpp">
      <Filter>Source Files</Filter>
    </ClCompile>
    <ClCompile Include="..\mesh.cpp">
      <Filter>Source Files</Filter>
    </ClCompile>
    <ClCompile Include="..\lookAtBone.cpp">
      <Filter>Source Files</Filter>
    </ClCompile>
    <ClCompile Include="..\keyframe.cpp">
      <Filter>Source Files</Filter>
    </ClCompile>
    <ClCompile Include="..\interactivity.cpp">
      <Filter>Source Files</Filter>
    </ClCompile>
    <ClCompile Include="..\initScene.cpp">
      <Filter>Source Files</Filter>
    </ClCompile>
    <ClCompile Include="..\initGL.cpp">
      <Filter>Source Files</Filter>
    </ClCompile>
    <ClCompile Include="..\vertexArrays.cpp">
      <Filter>Source Files</Filter>
    </ClCompile>
    <ClCompile Include="..\track.cpp">
      <Filter>Source Files</Filter>
    </ClCompile>
    <ClCompile Include="..\ticker.cpp">
      <Filter>Source Files</Filter>
    </ClCompile>
    <ClCompile Include="..\subject.cpp">
      <Filter>Source Files</Filter>
    </ClCompile>
    <ClCompile Include="..\stdafx.cpp">
      <Filter>Source Files</Filter>
    </ClCompile>
    <ClCompile Include="..\skindata.cpp">
      <Filter>Source Files</Filter>
    </ClCompile>
    <ClCompile Include="..\imageLoader.cpp">
      <Filter>Source Files</Filter>
    </ClCompile>
    <ClCompile Include="..\shaders.cpp">
      <Filter>Source Files</Filter>
    </ClCompile>
    <ClCompile Include="..\linearAlg.cpp">
      <Filter>Source Files</Filter>
    </ClCompile>
    <ClCompile Include="..\transformations.cpp">
      <Filter>Source Files</Filter>
    </ClCompile>
    <ClCompile Include="..\projections.cpp">
      <Filter>Source Files</Filter>
    </ClCompile>
    <ClCompile Include="..\setTexture.cpp">
      <Filter>Source Files</Filter>
    </ClCompile>
    <ClCompile Include="..\createTexture.cpp">
      <Filter>Source Files</Filter>
    </ClCompile>
    <ClCompile Include="..\modelLoader.cpp">
      <Filter>Source Files</Filter>
    </ClCompile>
    <ClCompile Include="..\xmlAnimationLoader.cpp">
      <Filter>Source Files</Filter>
    </ClCompile>
    <ClCompile Include="..\xmlModelLoader.cpp">
      <Filter>Source Files</Filter>
    </ClCompile>
    <ClCompile Include="..\xmlUtilityFunctions.cpp">
      <Filter>Source Files</Filter>
    </ClCompile>
    <ClCompile Include="..\textureLoader.cpp">
      <Filter>Source Files</Filter>
    </ClCompile>
    <ClCompile Include="..\skinFunctions.cpp">
      <Filter>Source Files</Filter>
    </ClCompile>
    <ClCompile Include="..\xmlSkinLoader.cpp">
      <Filter>Source Files</Filter>
    </ClCompile>
    <ClCompile Include="..\lights.cpp">
      <Filter>Source Files</Filter>
    </ClCompile>
    <ClCompile Include="..\shaderLoader.cpp">
      <Filter>Source Files</Filter>
    </ClCompile>
    <ClCompile Include="..\lookAtCamera.cpp">
      <Filter>Source Files</Filter>
    </ClCompile>
    <ClCompile Include="..\bezierFloatTrack.cpp">
      <Filter>Source Files</Filter>
    </ClCompile>
    <ClCompile Include="..\bone.cpp">
      <Filter>Source Files</Filter>
    </ClCompile>
    <ClCompile Include="..\camera.cpp">
      <Filter>Source Files</Filter>
    </ClCompile>
    <ClCompile Include="..\bezierFloatKeyFrame.cpp">
      <Filter>Source Files</Filter>
    </ClCompile>
    <ClCompile Include="..\XMLDocument.cpp">
      <Filter>Source Files</Filter>
    </ClCompile>
    <ClCompile Include="..\main.cpp">
      <Filter>Source Files</Filter>
    </ClCompile>
    <ClCompile Include="..\PRSbone.cpp">
      <Filter>Source Files</Filter>
    </ClCompile>
    <ClCompile Include="..\keyframeBone.cpp">
      <Filter>Source Files</Filter>
    </ClCompile>
    <ClCompile Include="..\dualQuatKeyframe.cpp">
      <Filter>Source Files</Filter>
    </ClCompile>
    <ClCompile Include="..\dualQuatTrack.cpp">
      <Filter>Source Files</Filter>
    </ClCompile>
    <ClCompile Include="..\animationFunctions.cpp">
      <Filter>Source Files</Filter>
    </ClCompile>
  </ItemGroup>
  <ItemGroup>
    <ClInclude Include="..\interactivity.h">
      <Filter>Header Files</Filter>
    </ClInclude>
    <ClInclude Include="..\stdafx.h">
      <Filter>Header Files</Filter>
    </ClInclude>
    <ClInclude Include="..\initGL.h">
      <Filter>Header Files</Filter>
    </ClInclude>
    <ClInclude Include="..\initScene.h">
      <Filter>Header Files</Filter>
    </ClInclude>
    <ClInclude Include="..\vertexArrays.h">
      <Filter>Header Files</Filter>
    </ClInclude>
    <ClInclude Include="..\XMLDocument.h">
      <Filter>Header Files</Filter>
    </ClInclude>
    <ClInclude Include="..\scene.h">
      <Filter>Header Files</Filter>
    </ClInclude>
    <ClInclude Include="..\ticker.h">
      <Filter>Header Files</Filter>
    </ClInclude>
    <ClInclude Include="..\mesh.h">
      <Filter>Header Files</Filter>
    </ClInclude>
    <ClInclude Include="..\camera.h">
      <Filter>Header Files</Filter>
    </ClInclude>
    <ClInclude Include="..\renderer.h">
      <Filter>Header Files</Filter>
    </ClInclude>
    <ClInclude Include="..\subject.h">
      <Filter>Header Files</Filter>
    </ClInclude>
    <ClInclude Include="..\targetver.h">
      <Filter>Header Files</Filter>
    </ClInclude>
    <ClInclude Include="..\observer.h">
      <Filter>Header Files</Filter>
    </ClInclude>
    <ClInclude Include="..\bone.h">
      <Filter>Header Files</Filter>
    </ClInclude>
    <ClInclude Include="..\skindata.h">
      <Filter>Header Files</Filter>
    </ClInclude>
    <ClInclude Include="..\skeletalModifier.h">
      <Filter>Header Files</Filter>
    </ClInclude>
    <ClInclude Include="..\lookAtBone.h">
      <Filter>Header Files</Filter>
    </ClInclude>
    <ClInclude Include="..\bezierFloatTrack.h">
      <Filter>Header Files</Filter>
    </ClInclude>
    <ClInclude Include="..\track.h">
      <Filter>Header Files</Filter>
    </ClInclude>
    <ClInclude Include="..\bezierFloatKeyFrame.h">
      <Filter>Header Files</Filter>
    </ClInclude>
    <ClInclude Include="..\keyframe.h">
      <Filter>Header Files</Filter>
    </ClInclude>
    <ClInclude Include="..\imageLoader.h">
      <Filter>Header Files</Filter>
    </ClInclude>
    <ClInclude Include="..\shaders.h">
      <Filter>Header Files</Filter>
    </ClInclude>
    <ClInclude Include="..\linearAlg.h">
      <Filter>Header Files</Filter>
    </ClInclude>
    <ClInclude Include="..\transformations.h">
      <Filter>Header Files</Filter>
    </ClInclude>
    <ClInclude Include="..\projections.h">
      <Filter>Header Files</Filter>
    </ClInclude>
    <ClInclude Include="..\setTexture.h">
      <Filter>Header Files</Filter>
    </ClInclude>
    <ClInclude Include="..\createTexture.h">
      <Filter>Header Files</Filter>
    </ClInclude>
    <ClInclude Include="..\macroUtilities.h">
      <Filter>Header Files</Filter>
    </ClInclude>
    <ClInclude Include="..\modelLoader.h">
      <Filter>Header Files</Filter>
    </ClInclude>
    <ClInclude Include="..\xmlAnimationLoader.h">
      <Filter>Header Files</Filter>
    </ClInclude>
    <ClInclude Include="..\xmlModelLoader.h">
      <Filter>Header Files</Filter>
    </ClInclude>
    <ClInclude Include="..\xmlUtilityFunctions.h">
      <Filter>Header Files</Filter>
    </ClInclude>
    <ClInclude Include="..\textureLoader.h">
      <Filter>Header Files</Filter>
    </ClInclude>
    <ClInclude Include="..\skinFunctions.h">
      <Filter>Header Files</Filter>
    </ClInclude>
    <ClInclude Include="..\animationFunctions.h">
      <Filter>Header Files</Filter>
    </ClInclude>
    <ClInclude Include="..\xmlSkinLoader.h">
      <Filter>Header Files</Filter>
    </ClInclude>
    <ClInclude Include="..\lights.h">
      <Filter>Header Files</Filter>
    </ClInclude>
    <ClInclude Include="..\lookAtCamera.h">
      <Filter>Header Files</Filter>
    </ClInclude>
    <ClInclude Include="..\Resource.h">
      <Filter>Header Files</Filter>
    </ClInclude>
    <ClInclude Include="..\PRSbone.h">
      <Filter>Header Files</Filter>
    </ClInclude>
    <ClInclude Include="..\keyframeBone.h">
      <Filter>Header Files</Filter>
    </ClInclude>
    <ClInclude Include="..\dualQuatKeyframe.h">
      <Filter>Header Files</Filter>
    </ClInclude>
    <ClInclude Include="..\dualQuatTrack.h">
      <Filter>Header Files</Filter>
    </ClInclude>
  </ItemGroup>
  <ItemGroup>
    <ResourceCompile Include="..\myGLEStest.rc">
      <Filter>Resource Files</Filter>
    </ResourceCompile>
  </ItemGroup>
</Project>